
Microsoft Visual Studio Solution File, Format Version 12.00
# Visual Studio Version 17
VisualStudioVersion = 17.11.35327.3
MinimumVisualStudioVersion = 10.0.40219.1
Project("{FAE04EC0-301F-11D3-BF4B-00C04F79EFBC}") = "WeatherApp", "WeatherApp\WeatherApp.csproj", "{197A709A-61C9-4309-B5FA-594949BB1A5E}"
EndProject
Global
	GlobalSection(SolutionConfigurationPlatforms) = preSolution
		Debug|Any CPU = Debug|Any CPU
		Release|Any CPU = Release|Any CPU
	EndGlobalSection
	GlobalSection(ProjectConfigurationPlatforms) = postSolution
		{197A709A-61C9-4309-B5FA-594949BB1A5E}.Debug|Any CPU.ActiveCfg = Debug|Any CPU
		{197A709A-61C9-4309-B5FA-594949BB1A5E}.Debug|Any CPU.Build.0 = Debug|Any CPU
		{197A709A-61C9-4309-B5FA-594949BB1A5E}.Debug|Any CPU.Deploy.0 = Debug|Any CPU
		{197A709A-61C9-4309-B5FA-594949BB1A5E}.Release|Any CPU.ActiveCfg = Release|Any CPU
		{197A709A-61C9-4309-B5FA-594949BB1A5E}.Release|Any CPU.Build.0 = Release|Any CPU
		{197A709A-61C9-4309-B5FA-594949BB1A5E}.Release|Any CPU.Deploy.0 = Release|Any CPU
	EndGlobalSection
	GlobalSection(SolutionProperties) = preSolution
		HideSolutionNode = FALSE
	EndGlobalSection
	GlobalSection(ExtensibilityGlobals) = postSolution
		SolutionGuid = {B97AD565-3E72-4D6C-82C6-410BEBF1C48C}
	EndGlobalSection
EndGlobal
